
Microsoft Visual Studio Solution File, Format Version 12.00
# Visual Studio Version 17
VisualStudioVersion = 17.0.31521.260
MinimumVisualStudioVersion = 10.0.40219.1
Project("{FAE04EC0-301F-11D3-BF4B-00C04F79EFBC}") = "FA.IdentitySample.WebMVC", "FA.IdentitySample.WebMVC\FA.IdentitySample.WebMVC.csproj", "{7323AF57-74D2-496B-9449-E5AFECA45FE2}"
EndProject
Global
	GlobalSection(SolutionConfigurationPlatforms) = preSolution
		Debug|Any CPU = Debug|Any CPU
		Release|Any CPU = Release|Any CPU
	EndGlobalSection
	GlobalSection(ProjectConfigurationPlatforms) = postSolution
		{7323AF57-74D2-496B-9449-E5AFECA45FE2}.Debug|Any CPU.ActiveCfg = Debug|Any CPU
		{7323AF57-74D2-496B-9449-E5AFECA45FE2}.Debug|Any CPU.Build.0 = Debug|Any CPU
		{7323AF57-74D2-496B-9449-E5AFECA45FE2}.Release|Any CPU.ActiveCfg = Release|Any CPU
		{7323AF57-74D2-496B-9449-E5AFECA45FE2}.Release|Any CPU.Build.0 = Release|Any CPU
	EndGlobalSection
	GlobalSection(SolutionProperties) = preSolution
		HideSolutionNode = FALSE
	EndGlobalSection
	GlobalSection(ExtensibilityGlobals) = postSolution
		SolutionGuid = {67B30512-ADAB-49AC-9A5C-7848F46B5FD8}
	EndGlobalSection
EndGlobal
